
Microsoft Visual Studio Solution File, Format Version 12.00
# Visual Studio Version 16
VisualStudioVersion = 16.0.29613.14
MinimumVisualStudioVersion = 10.0.40219.1
Project("{9A19103F-16F7-4668-BE54-9A1E7A4F7556}") = "IdentitySerrver4", "IdentitySerrver4\IdentitySerrver4.csproj", "{F6D860E2-FB8F-4B02-9870-84024F5DC1EF}"
EndProject
Project("{9A19103F-16F7-4668-BE54-9A1E7A4F7556}") = "ClientIdentity", "ClientIdentity\ClientIdentity.csproj", "{FE818BA7-EEE0-4065-BCE2-DDF382B5A2F7}"
EndProject
Global
	GlobalSection(SolutionConfigurationPlatforms) = preSolution
		Debug|Any CPU = Debug|Any CPU
		Release|Any CPU = Release|Any CPU
	EndGlobalSection
	GlobalSection(ProjectConfigurationPlatforms) = postSolution
		{F6D860E2-FB8F-4B02-9870-84024F5DC1EF}.Debug|Any CPU.ActiveCfg = Debug|Any CPU
		{F6D860E2-FB8F-4B02-9870-84024F5DC1EF}.Debug|Any CPU.Build.0 = Debug|Any CPU
		{F6D860E2-FB8F-4B02-9870-84024F5DC1EF}.Release|Any CPU.ActiveCfg = Release|Any CPU
		{F6D860E2-FB8F-4B02-9870-84024F5DC1EF}.Release|Any CPU.Build.0 = Release|Any CPU
		{FE818BA7-EEE0-4065-BCE2-DDF382B5A2F7}.Debug|Any CPU.ActiveCfg = Debug|Any CPU
		{FE818BA7-EEE0-4065-BCE2-DDF382B5A2F7}.Debug|Any CPU.Build.0 = Debug|Any CPU
		{FE818BA7-EEE0-4065-BCE2-DDF382B5A2F7}.Release|Any CPU.ActiveCfg = Release|Any CPU
		{FE818BA7-EEE0-4065-BCE2-DDF382B5A2F7}.Release|Any CPU.Build.0 = Release|Any CPU
	EndGlobalSection
	GlobalSection(SolutionProperties) = preSolution
		HideSolutionNode = FALSE
	EndGlobalSection
	GlobalSection(ExtensibilityGlobals) = postSolution
		SolutionGuid = {4958124B-E2BE-4EE2-AD51-4451A30E5FDD}
	EndGlobalSection
EndGlobal
